// !$*UTF8*$!
{
	archiveVersion = 1;
	classes = {
	};
	objectVersion = 50;
	objects = {

/* Begin PBXBuildFile section */
		4562F8D42150D5D500A498AB /* AppDelegate.swift in Sources */ = {isa = PBXBuildFile; fileRef = 4562F8D32150D5D500A498AB /* AppDelegate.swift */; };
		4562F8D62150D5D500A498AB /* ViewController.swift in Sources */ = {isa = PBXBuildFile; fileRef = 4562F8D52150D5D500A498AB /* ViewController.swift */; };
		4562F8D92150D5D500A498AB /* Main.storyboard in Resources */ = {isa = PBXBuildFile; fileRef = 4562F8D72150D5D500A498AB /* Main.storyboard */; };
		4562F8DB2150D5DA00A498AB /* Assets.xcassets in Resources */ = {isa = PBXBuildFile; fileRef = 4562F8DA2150D5DA00A498AB /* Assets.xcassets */; };
		4562F8DE2150D5DA00A498AB /* LaunchScreen.storyboard in Resources */ = {isa = PBXBuildFile; fileRef = 4562F8DC2150D5DA00A498AB /* LaunchScreen.storyboard */; };
		4562F8E92150D5DA00A498AB /* QuizTests.swift in Sources */ = {isa = PBXBuildFile; fileRef = 4562F8E82150D5DA00A498AB /* QuizTests.swift */; };
		4562F8F42150D5DA00A498AB /* QuizUITests.swift in Sources */ = {isa = PBXBuildFile; fileRef = 4562F8F32150D5DA00A498AB /* QuizUITests.swift */; };
		4562F9022150D64100A498AB /* QuizViewController.swift in Sources */ = {isa = PBXBuildFile; fileRef = 4562F9012150D64100A498AB /* QuizViewController.swift */; };
		4562F9042150D65B00A498AB /* ResultViewController.swift in Sources */ = {isa = PBXBuildFile; fileRef = 4562F9032150D65B00A498AB /* ResultViewController.swift */; };
		4562F9062150D80500A498AB /* グラデーションロゴ.png in Resources */ = {isa = PBXBuildFile; fileRef = 4562F9052150D80500A498AB /* グラデーションロゴ.png */; };
/* End PBXBuildFile section */

/* Begin PBXContainerItemProxy section */
		4562F8E52150D5DA00A498AB /* PBXContainerItemProxy */ = {
			isa = PBXContainerItemProxy;
			containerPortal = 4562F8C82150D5D500A498AB /* Project object */;
			proxyType = 1;
			remoteGlobalIDString = 4562F8CF2150D5D500A498AB;
			remoteInfo = Quiz;
		};
		4562F8F02150D5DA00A498AB /* PBXContainerItemProxy */ = {
			isa = PBXContainerItemProxy;
			containerPortal = 4562F8C82150D5D500A498AB /* Project object */;
			proxyType = 1;
			remoteGlobalIDString = 4562F8CF2150D5D500A498AB;
			remoteInfo = Quiz;
		};
/* End PBXContainerItemProxy section */

/* Begin PBXFileReference section */
		4562F8D02150D5D500A498AB /* Quiz.app */ = {isa = PBXFileReference; explicitFileType = wrapper.application; includeInIndex = 0; path = Quiz.app; sourceTree = BUILT_PRODUCTS_DIR; };
		4562F8D32150D5D500A498AB /* AppDelegate.swift */ = {isa = PBXFileReference; lastKnownFileType = sourcecode.swift; path = AppDelegate.swift; sourceTree = "<group>"; };
		4562F8D52150D5D500A498AB /* ViewController.swift */ = {isa = PBXFileReference; lastKnownFileType = sourcecode.swift; path = ViewController.swift; sourceTree = "<group>"; };
		4562F8D82150D5D500A498AB /* Base */ = {isa = PBXFileReference; lastKnownFileType = file.storyboard; name = Base; path = Base.lproj/Main.storyboard; sourceTree = "<group>"; };
		4562F8DA2150D5DA00A498AB /* Assets.xcassets */ = {isa = PBXFileReference; lastKnownFileType = folder.assetcatalog; path = Assets.xcassets; sourceTree = "<group>"; };
		4562F8DD2150D5DA00A498AB /* Base */ = {isa = PBXFileReference; lastKnownFileType = file.storyboard; name = Base; path = Base.lproj/LaunchScreen.storyboard; sourceTree = "<group>"; };
		4562F8DF2150D5DA00A498AB /* Info.plist */ = {isa = PBXFileReference; lastKnownFileType = text.plist.xml; path = Info.plist; sourceTree = "<group>"; };
		4562F8E42150D5DA00A498AB /* QuizTests.xctest */ = {isa = PBXFileReference; explicitFileType = wrapper.cfbundle; includeInIndex = 0; path = QuizTests.xctest; sourceTree = BUILT_PRODUCTS_DIR; };
		4562F8E82150D5DA00A498AB /* QuizTests.swift */ = {isa = PBXFileReference; lastKnownFileType = sourcecode.swift; path = QuizTests.swift; sourceTree = "<group>"; };
		4562F8EA2150D5DA00A498AB /* Info.plist */ = {isa = PBXFileReference; lastKnownFileType = text.plist.xml; path = Info.plist; sourceTree = "<group>"; };
		4562F8EF2150D5DA00A498AB /* QuizUITests.xctest */ = {isa = PBXFileReference; explicitFileType = wrapper.cfbundle; includeInIndex = 0; path = QuizUITests.xctest; sourceTree = BUILT_PRODUCTS_DIR; };
		4562F8F32150D5DA00A498AB /* QuizUITests.swift */ = {isa = PBXFileReference; lastKnownFileType = sourcecode.swift; path = QuizUITests.swift; sourceTree = "<group>"; };
		4562F8F52150D5DA00A498AB /* Info.plist */ = {isa = PBXFileReference; lastKnownFileType = text.plist.xml; path = Info.plist; sourceTree = "<group>"; };
		4562F9012150D64100A498AB /* QuizViewController.swift */ = {isa = PBXFileReference; lastKnownFileType = sourcecode.swift; path = QuizViewController.swift; sourceTree = "<group>"; };
		4562F9032150D65B00A498AB /* ResultViewController.swift */ = {isa = PBXFileReference; lastKnownFileType = sourcecode.swift; path = ResultViewController.swift; sourceTree = "<group>"; };
		4562F9052150D80500A498AB /* グラデーションロゴ.png */ = {isa = PBXFileReference; lastKnownFileType = image.png; path = "グラデーションロゴ.png"; sourceTree = "<group>"; };
/* End PBXFileReference section */

/* Begin PBXFrameworksBuildPhase section */
		4562F8CD2150D5D500A498AB /* Frameworks */ = {
			isa = PBXFrameworksBuildPhase;
			buildActionMask = 2147483647;
			files = (
			);
			runOnlyForDeploymentPostprocessing = 0;
		};
		4562F8E12150D5DA00A498AB /* Frameworks */ = {
			isa = PBXFrameworksBuildPhase;
			buildActionMask = 2147483647;
			files = (
			);
			runOnlyForDeploymentPostprocessing = 0;
		};
		4562F8EC2150D5DA00A498AB /* Frameworks */ = {
			isa = PBXFrameworksBuildPhase;
			buildActionMask = 2147483647;
			files = (
			);
			runOnlyForDeploymentPostprocessing = 0;
		};
/* End PBXFrameworksBuildPhase section */

/* Begin PBXGroup section */
		4562F8C72150D5D500A498AB = {
			isa = PBXGroup;
			children = (
				4562F8D22150D5D500A498AB /* Quiz */,
				4562F8E72150D5DA00A498AB /* QuizTests */,
				4562F8F22150D5DA00A498AB /* QuizUITests */,
				4562F8D12150D5D500A498AB /* Products */,
			);
			sourceTree = "<group>";
		};
		4562F8D12150D5D500A498AB /* Products */ = {
			isa = PBXGroup;
			children = (
				4562F8D02150D5D500A498AB /* Quiz.app */,
				4562F8E42150D5DA00A498AB /* QuizTests.xctest */,
				4562F8EF2150D5DA00A498AB /* QuizUITests.xctest */,
			);
			name = Products;
			sourceTree = "<group>";
		};
		4562F8D22150D5D500A498AB /* Quiz */ = {
			isa = PBXGroup;
			children = (
				4562F9052150D80500A498AB /* グラデーションロゴ.png */,
				4562F8D32150D5D500A498AB /* AppDelegate.swift */,
				4562F8D52150D5D500A498AB /* ViewController.swift */,
				4562F9012150D64100A498AB /* QuizViewController.swift */,
				4562F9032150D65B00A498AB /* ResultViewController.swift */,
				4562F8D72150D5D500A498AB /* Main.storyboard */,
				4562F8DA2150D5DA00A498AB /* Assets.xcassets */,
				4562F8DC2150D5DA00A498AB /* LaunchScreen.storyboard */,
				4562F8DF2150D5DA00A498AB /* Info.plist */,
			);
			path = Quiz;
			sourceTree = "<group>";
		};
		4562F8E72150D5DA00A498AB /* QuizTests */ = {
			isa = PBXGroup;
			children = (
				4562F8E82150D5DA00A498AB /* QuizTests.swift */,
				4562F8EA2150D5DA00A498AB /* Info.plist */,
			);
			path = QuizTests;
			sourceTree = "<group>";
		};
		4562F8F22150D5DA00A498AB /* QuizUITests */ = {
			isa = PBXGroup;
			children = (
				4562F8F32150D5DA00A498AB /* QuizUITests.swift */,
				4562F8F52150D5DA00A498AB /* Info.plist */,
			);
			path = QuizUITests;
			sourceTree = "<group>";
		};
/* End PBXGroup section */

/* Begin PBXNativeTarget section */
		4562F8CF2150D5D500A498AB /* Quiz */ = {
			isa = PBXNativeTarget;
			buildConfigurationList = 4562F8F82150D5DA00A498AB /* Build configuration list for PBXNativeTarget "Quiz" */;
			buildPhases = (
				4562F8CC2150D5D500A498AB /* Sources */,
				4562F8CD2150D5D500A498AB /* Frameworks */,
				4562F8CE2150D5D500A498AB /* Resources */,
			);
			buildRules = (
			);
			dependencies = (
			);
			name = Quiz;
			productName = Quiz;
			productReference = 4562F8D02150D5D500A498AB /* Quiz.app */;
			productType = "com.apple.product-type.application";
		};
		4562F8E32150D5DA00A498AB /* QuizTests */ = {
			isa = PBXNativeTarget;
			buildConfigurationList = 4562F8FB2150D5DA00A498AB /* Build configuration list for PBXNativeTarget "QuizTests" */;
			buildPhases = (
				4562F8E02150D5DA00A498AB /* Sources */,
				4562F8E12150D5DA00A498AB /* Frameworks */,
				4562F8E22150D5DA00A498AB /* Resources */,
			);
			buildRules = (
			);
			dependencies = (
				4562F8E62150D5DA00A498AB /* PBXTargetDependency */,
			);
			name = QuizTests;
			productName = QuizTests;
			productReference = 4562F8E42150D5DA00A498AB /* QuizTests.xctest */;
			productType = "com.apple.product-type.bundle.unit-test";
		};
		4562F8EE2150D5DA00A498AB /* QuizUITests */ = {
			isa = PBXNativeTarget;
			buildConfigurationList = 4562F8FE2150D5DA00A498AB /* Build configuration list for PBXNativeTarget "QuizUITests" */;
			buildPhases = (
				4562F8EB2150D5DA00A498AB /* Sources */,
				4562F8EC2150D5DA00A498AB /* Frameworks */,
				4562F8ED2150D5DA00A498AB /* Resources */,
			);
			buildRules = (
			);
			dependencies = (
				4562F8F12150D5DA00A498AB /* PBXTargetDependency */,
			);
			name = QuizUITests;
			productName = QuizUITests;
			productReference = 4562F8EF2150D5DA00A498AB /* QuizUITests.xctest */;
			productType = "com.apple.product-type.bundle.ui-testing";
		};
/* End PBXNativeTarget section */

/* Begin PBXProject section */
		4562F8C82150D5D500A498AB /* Project object */ = {
			isa = PBXProject;
			attributes = {
				LastSwiftUpdateCheck = 0940;
				LastUpgradeCheck = 0940;
				ORGANIZATIONNAME = so1425;
				TargetAttributes = {
					4562F8CF2150D5D500A498AB = {
						CreatedOnToolsVersion = 9.4.1;
					};
					4562F8E32150D5DA00A498AB = {
						CreatedOnToolsVersion = 9.4.1;
						TestTargetID = 4562F8CF2150D5D500A498AB;
					};
					4562F8EE2150D5DA00A498AB = {
						CreatedOnToolsVersion = 9.4.1;
						TestTargetID = 4562F8CF2150D5D500A498AB;
					};
				};
			};
			buildConfigurationList = 4562F8CB2150D5D500A498AB /* Build configuration list for PBXProject "Quiz" */;
			compatibilityVersion = "Xcode 9.3";
			developmentRegion = en;
			hasScannedForEncodings = 0;
			knownRegions = (
				en,
				Base,
			);
			mainGroup = 4562F8C72150D5D500A498AB;
			productRefGroup = 4562F8D12150D5D500A498AB /* Products */;
			projectDirPath = "";
			projectRoot = "";
			targets = (
				4562F8CF2150D5D500A498AB /* Quiz */,
				4562F8E32150D5DA00A498AB /* QuizTests */,
				4562F8EE2150D5DA00A498AB /* QuizUITests */,
			);
		};
/* End PBXProject section */

/* Begin PBXResourcesBuildPhase section */
		4562F8CE2150D5D500A498AB /* Resources */ = {
			isa = PBXResourcesBuildPhase;
			buildActionMask = 2147483647;
			files = (
				4562F8DE2150D5DA00A498AB /* LaunchScreen.storyboard in Resources */,
				4562F9062150D80500A498AB /* グラデーションロゴ.png in Resources */,
				4562F8DB2150D5DA00A498AB /* Assets.xcassets in Resources */,
				4562F8D92150D5D500A498AB /* Main.storyboard in Resources */,
			);
			runOnlyForDeploymentPostprocessing = 0;
		};
		4562F8E22150D5DA00A498AB /* Resources */ = {
			isa = PBXResourcesBuildPhase;
			buildActionMask = 2147483647;
			files = (
			);
			runOnlyForDeploymentPostprocessing = 0;
		};
		4562F8ED2150D5DA00A498AB /* Resources */ = {
			isa = PBXResourcesBuildPhase;
			buildActionMask = 2147483647;
			files = (
			);
			runOnlyForDeploymentPostprocessing = 0;
		};
/* End PBXResourcesBuildPhase section */

/* Begin PBXSourcesBuildPhase section */
		4562F8CC2150D5D500A498AB /* Sources */ = {
			isa = PBXSourcesBuildPhase;
			buildActionMask = 2147483647;
			files = (
				4562F9022150D64100A498AB /* QuizViewController.swift in Sources */,
				4562F8D62150D5D500A498AB /* ViewController.swift in Sources */,
				4562F8D42150D5D500A498AB /* AppDelegate.swift in Sources */,
				4562F9042150D65B00A498AB /* ResultViewController.swift in Sources */,
			);
			runOnlyForDeploymentPostprocessing = 0;
		};
		4562F8E02150D5DA00A498AB /* Sources */ = {
			isa = PBXSourcesBuildPhase;
			buildActionMask = 2147483647;
			files = (
				4562F8E92150D5DA00A498AB /* QuizTests.swift in Sources */,
			);
			runOnlyForDeploymentPostprocessing = 0;
		};
		4562F8EB2150D5DA00A498AB /* Sources */ = {
			isa = PBXSourcesBuildPhase;
			buildActionMask = 2147483647;
			files = (
				4562F8F42150D5DA00A498AB /* QuizUITests.swift in Sources */,
			);
			runOnlyForDeploymentPostprocessing = 0;
		};
/* End PBXSourcesBuildPhase section */

/* Begin PBXTargetDependency section */
		4562F8E62150D5DA00A498AB /* PBXTargetDependency */ = {
			isa = PBXTargetDependency;
			target = 4562F8CF2150D5D500A498AB /* Quiz */;
			targetProxy = 4562F8E52150D5DA00A498AB /* PBXContainerItemProxy */;
		};
		4562F8F12150D5DA00A498AB /* PBXTargetDependency */ = {
			isa = PBXTargetDependency;
			target = 4562F8CF2150D5D500A498AB /* Quiz */;
			targetProxy = 4562F8F02150D5DA00A498AB /* PBXContainerItemProxy */;
		};
/* End PBXTargetDependency section */

/* Begin PBXVariantGroup section */
		4562F8D72150D5D500A498AB /* Main.storyboard */ = {
			isa = PBXVariantGroup;
			children = (
				4562F8D82150D5D500A498AB /* Base */,
			);
			name = Main.storyboard;
			sourceTree = "<group>";
		};
		4562F8DC2150D5DA00A498AB /* LaunchScreen.storyboard */ = {
			isa = PBXVariantGroup;
			children = (
				4562F8DD2150D5DA00A498AB /* Base */,
			);
			name = LaunchScreen.storyboard;
			sourceTree = "<group>";
		};
/* End PBXVariantGroup section */

/* Begin XCBuildConfiguration section */
		4562F8F62150D5DA00A498AB /* Debug */ = {
			isa = XCBuildConfiguration;
			buildSettings = {
				ALWAYS_SEARCH_USER_PATHS = NO;
				CLANG_ANALYZER_NONNULL = YES;
				CLANG_ANALYZER_NUMBER_OBJECT_CONVERSION = YES_AGGRESSIVE;
				CLANG_CXX_LANGUAGE_STANDARD = "gnu++14";
				CLANG_CXX_LIBRARY = "libc++";
				CLANG_ENABLE_MODULES = YES;
				CLANG_ENABLE_OBJC_ARC = YES;
				CLANG_ENABLE_OBJC_WEAK = YES;
				CLANG_WARN_BLOCK_CAPTURE_AUTORELEASING = YES;
				CLANG_WARN_BOOL_CONVERSION = YES;
				CLANG_WARN_COMMA = YES;
				CLANG_WARN_CONSTANT_CONVERSION = YES;
				CLANG_WARN_DEPRECATED_OBJC_IMPLEMENTATIONS = YES;
				CLANG_WARN_DIRECT_OBJC_ISA_USAGE = YES_ERROR;
				CLANG_WARN_DOCUMENTATION_COMMENTS = YES;
				CLANG_WARN_EMPTY_BODY = YES;
				CLANG_WARN_ENUM_CONVERSION = YES;
				CLANG_WARN_INFINITE_RECURSION = YES;
				CLANG_WARN_INT_CONVERSION = YES;
				CLANG_WARN_NON_LITERAL_NULL_CONVERSION = YES;
				CLANG_WARN_OBJC_IMPLICIT_RETAIN_SELF = YES;
				CLANG_WARN_OBJC_LITERAL_CONVERSION = YES;
				CLANG_WARN_OBJC_ROOT_CLASS = YES_ERROR;
				CLANG_WARN_RANGE_LOOP_ANALYSIS = YES;
				CLANG_WARN_STRICT_PROTOTYPES = YES;
				CLANG_WARN_SUSPICIOUS_MOVE = YES;
				CLANG_WARN_UNGUARDED_AVAILABILITY = YES_AGGRESSIVE;
				CLANG_WARN_UNREACHABLE_CODE = YES;
				CLANG_WARN__DUPLICATE_METHOD_MATCH = YES;
				CODE_SIGN_IDENTITY = "iPhone Developer";
				COPY_PHASE_STRIP = NO;
				DEBUG_INFORMATION_FORMAT = dwarf;
				ENABLE_STRICT_OBJC_MSGSEND = YES;
				ENABLE_TESTABILITY = YES;
				GCC_C_LANGUAGE_STANDARD = gnu11;
				GCC_DYNAMIC_NO_PIC = NO;
				GCC_NO_COMMON_BLOCKS = YES;
				GCC_OPTIMIZATION_LEVEL = 0;
				GCC_PREPROCESSOR_DEFINITIONS = (
					"DEBUG=1",
					"$(inherited)",
				);
				GCC_WARN_64_TO_32_BIT_CONVERSION = YES;
				GCC_WARN_ABOUT_RETURN_TYPE = YES_ERROR;
				GCC_WARN_UNDECLARED_SELECTOR = YES;
				GCC_WARN_UNINITIALIZED_AUTOS = YES_AGGRESSIVE;
				GCC_WARN_UNUSED_FUNCTION = YES;
				GCC_WARN_UNUSED_VARIABLE = YES;
				IPHONEOS_DEPLOYMENT_TARGET = 11.4;
				MTL_ENABLE_DEBUG_INFO = YES;
				ONLY_ACTIVE_ARCH = YES;
				SDKROOT = iphoneos;
				SWIFT_ACTIVE_COMPILATION_CONDITIONS = DEBUG;
				SWIFT_OPTIMIZATION_LEVEL = "-Onone";
			};
			name = Debug;
		};
		4562F8F72150D5DA00A498AB /* Release */ = {
			isa = XCBuildConfiguration;
			buildSettings = {
				ALWAYS_SEARCH_USER_PATHS = NO;
				CLANG_ANALYZER_NONNULL = YES;
				CLANG_ANALYZER_NUMBER_OBJECT_CONVERSION = YES_AGGRESSIVE;
				CLANG_CXX_LANGUAGE_STANDARD = "gnu++14";
				CLANG_CXX_LIBRARY = "libc++";
				CLANG_ENABLE_MODULES = YES;
				CLANG_ENABLE_OBJC_ARC = YES;
				CLANG_ENABLE_OBJC_WEAK = YES;
				CLANG_WARN_BLOCK_CAPTURE_AUTORELEASING = YES;
				CLANG_WARN_BOOL_CONVERSION = YES;
				CLANG_WARN_COMMA = YES;
				CLANG_WARN_CONSTANT_CONVERSION = YES;
				CLANG_WARN_DEPRECATED_OBJC_IMPLEMENTATIONS = YES;
				CLANG_WARN_DIRECT_OBJC_ISA_USAGE = YES_ERROR;
				CLANG_WARN_DOCUMENTATION_COMMENTS = YES;
				CLANG_WARN_EMPTY_BODY = YES;
				CLANG_WARN_ENUM_CONVERSION = YES;
				CLANG_WARN_INFINITE_RECURSION = YES;
				CLANG_WARN_INT_CONVERSION = YES;
				CLANG_WARN_NON_LITERAL_NULL_CONVERSION = YES;
				CLANG_WARN_OBJC_IMPLICIT_RETAIN_SELF = YES;
				CLANG_WARN_OBJC_LITERAL_CONVERSION = YES;
				CLANG_WARN_OBJC_ROOT_CLASS = YES_ERROR;
				CLANG_WARN_RANGE_LOOP_ANALYSIS = YES;
				CLANG_WARN_STRICT_PROTOTYPES = YES;
				CLANG_WARN_SUSPICIOUS_MOVE = YES;
				CLANG_WARN_UNGUARDED_AVAILABILITY = YES_AGGRESSIVE;
				CLANG_WARN_UNREACHABLE_CODE = YES;
				CLANG_WARN__DUPLICATE_METHOD_MATCH = YES;
				CODE_SIGN_IDENTITY = "iPhone Developer";
				COPY_PHASE_STRIP = NO;
				DEBUG_INFORMATION_FORMAT = "dwarf-with-dsym";
				ENABLE_NS_ASSERTIONS = NO;
				ENABLE_STRICT_OBJC_MSGSEND = YES;
				GCC_C_LANGUAGE_STANDARD = gnu11;
				GCC_NO_COMMON_BLOCKS = YES;
				GCC_WARN_64_TO_32_BIT_CONVERSION = YES;
				GCC_WARN_ABOUT_RETURN_TYPE = YES_ERROR;
				GCC_WARN_UNDECLARED_SELECTOR = YES;
				GCC_WARN_UNINITIALIZED_AUTOS = YES_AGGRESSIVE;
				GCC_WARN_UNUSED_FUNCTION = YES;
				GCC_WARN_UNUSED_VARIABLE = YES;
				IPHONEOS_DEPLOYMENT_TARGET = 11.4;
				MTL_ENABLE_DEBUG_INFO = NO;
				SDKROOT = iphoneos;
				SWIFT_COMPILATION_MODE = wholemodule;
				SWIFT_OPTIMIZATION_LEVEL = "-O";
				VALIDATE_PRODUCT = YES;
			};
			name = Release;
		};
		4562F8F92150D5DA00A498AB /* Debug */ = {
			isa = XCBuildConfiguration;
			buildSettings = {
				ASSETCATALOG_COMPILER_APPICON_NAME = AppIcon;
				CODE_SIGN_STYLE = Automatic;
				INFOPLIST_FILE = Quiz/Info.plist;
				LD_RUNPATH_SEARCH_PATHS = (
					"$(inherited)",
					"@executable_path/Frameworks",
				);
				PRODUCT_BUNDLE_IDENTIFIER = com.litech.Quiz;
				PRODUCT_NAME = "$(TARGET_NAME)";
				SWIFT_VERSION = 4.0;
				TARGETED_DEVICE_FAMILY = "1,2";
			};
			name = Debug;
		};
		4562F8FA2150D5DA00A498AB /* Release */ = {
			isa = XCBuildConfiguration;
			buildSettings = {
				ASSETCATALOG_COMPILER_APPICON_NAME = AppIcon;
				CODE_SIGN_STYLE = Automatic;
				INFOPLIST_FILE = Quiz/Info.plist;
				LD_RUNPATH_SEARCH_PATHS = (
					"$(inherited)",
					"@executable_path/Frameworks",
				);
				PRODUCT_BUNDLE_IDENTIFIER = com.litech.Quiz;
				PRODUCT_NAME = "$(TARGET_NAME)";
				SWIFT_VERSION = 4.0;
				TARGETED_DEVICE_FAMILY = "1,2";
			};
			name = Release;
		};
		4562F8FC2150D5DA00A498AB /* Debug */ = {
			isa = XCBuildConfiguration;
			buildSettings = {
				ALWAYS_EMBED_SWIFT_STANDARD_LIBRARIES = YES;
				BUNDLE_LOADER = "$(TEST_HOST)";
				CODE_SIGN_STYLE = Automatic;
				INFOPLIST_FILE = QuizTests/Info.plist;
				LD_RUNPATH_SEARCH_PATHS = (
					"$(inherited)",
					"@executable_path/Frameworks",
					"@loader_path/Frameworks",
				);
				PRODUCT_BUNDLE_IDENTIFIER = com.litech.QuizTests;
				PRODUCT_NAME = "$(TARGET_NAME)";
				SWIFT_VERSION = 4.0;
				TARGETED_DEVICE_FAMILY = "1,2";
				TEST_HOST = "$(BUILT_PRODUCTS_DIR)/Quiz.app/Quiz";
			};
			name = Debug;
		};
		4562F8FD2150D5DA00A498AB /* Release */ = {
			isa = XCBuildConfiguration;
			buildSettings = {
				ALWAYS_EMBED_SWIFT_STANDARD_LIBRARIES = YES;
				BUNDLE_LOADER = "$(TEST_HOST)";
				CODE_SIGN_STYLE = Automatic;
				INFOPLIST_FILE = QuizTests/Info.plist;
				LD_RUNPATH_SEARCH_PATHS = (
					"$(inherited)",
					"@executable_path/Frameworks",
					"@loader_path/Frameworks",
				);
				PRODUCT_BUNDLE_IDENTIFIER = com.litech.QuizTests;
				PRODUCT_NAME = "$(TARGET_NAME)";
				SWIFT_VERSION = 4.0;
				TARGETED_DEVICE_FAMILY = "1,2";
				TEST_HOST = "$(BUILT_PRODUCTS_DIR)/Quiz.app/Quiz";
			};
			name = Release;
		};
		4562F8FF2150D5DA00A498AB /* Debug */ = {
			isa = XCBuildConfiguration;
			buildSettings = {
				ALWAYS_EMBED_SWIFT_STANDARD_LIBRARIES = YES;
				CODE_SIGN_STYLE = Automatic;
				INFOPLIST_FILE = QuizUITests/Info.plist;
				LD_RUNPATH_SEARCH_PATHS = (
					"$(inherited)",
					"@executable_path/Frameworks",
					"@loader_path/Frameworks",
				);
				PRODUCT_BUNDLE_IDENTIFIER = com.litech.QuizUITests;
				PRODUCT_NAME = "$(TARGET_NAME)";
				SWIFT_VERSION = 4.0;
				TARGETED_DEVICE_FAMILY = "1,2";
				TEST_TARGET_NAME = Quiz;
			};
			name = Debug;
		};
		4562F9002150D5DA00A498AB /* Release */ = {
			isa = XCBuildConfiguration;
			buildSettings = {
				ALWAYS_EMBED_SWIFT_STANDARD_LIBRARIES = YES;
				CODE_SIGN_STYLE = Automatic;
				INFOPLIST_FILE = QuizUITests/Info.plist;
				LD_RUNPATH_SEARCH_PATHS = (
					"$(inherited)",
					"@executable_path/Frameworks",
					"@loader_path/Frameworks",
				);
				PRODUCT_BUNDLE_IDENTIFIER = com.litech.QuizUITests;
				PRODUCT_NAME = "$(TARGET_NAME)";
				SWIFT_VERSION = 4.0;
				TARGETED_DEVICE_FAMILY = "1,2";
				TEST_TARGET_NAME = Quiz;
			};
			name = Release;
		};
/* End XCBuildConfiguration section */

/* Begin XCConfigurationList section */
		4562F8CB2150D5D500A498AB /* Build configuration list for PBXProject "Quiz" */ = {
			isa = XCConfigurationList;
			buildConfigurations = (
				4562F8F62150D5DA00A498AB /* Debug */,
				4562F8F72150D5DA00A498AB /* Release */,
			);
			defaultConfigurationIsVisible = 0;
			defaultConfigurationName = Release;
		};
		4562F8F82150D5DA00A498AB /* Build configuration list for PBXNativeTarget "Quiz" */ = {
			isa = XCConfigurationList;
			buildConfigurations = (
				4562F8F92150D5DA00A498AB /* Debug */,
				4562F8FA2150D5DA00A498AB /* Release */,
			);
			defaultConfigurationIsVisible = 0;
			defaultConfigurationName = Release;
		};
		4562F8FB2150D5DA00A498AB /* Build configuration list for PBXNativeTarget "QuizTests" */ = {
			isa = XCConfigurationList;
			buildConfigurations = (
				4562F8FC2150D5DA00A498AB /* Debug */,
				4562F8FD2150D5DA00A498AB /* Release */,
			);
			defaultConfigurationIsVisible = 0;
			defaultConfigurationName = Release;
		};
		4562F8FE2150D5DA00A498AB /* Build configuration list for PBXNativeTarget "QuizUITests" */ = {
			isa = XCConfigurationList;
			buildConfigurations = (
				4562F8FF2150D5DA00A498AB /* Debug */,
				4562F9002150D5DA00A498AB /* Release */,
			);
			defaultConfigurationIsVisible = 0;
			defaultConfigurationName = Release;
		};
/* End XCConfigurationList section */
	};
	rootObject = 4562F8C82150D5D500A498AB /* Project object */;
}
